
Microsoft Visual Studio Solution File, Format Version 12.00
#
Project("{FAE04EC0-301F-11D3-BF4B-00C04F79EFBC}") = "Shop.Api", "Shop.Api\Shop.Api.csproj", "{18F6E674-2000-45ED-B89A-C7BEC11C3EE4}"
EndProject
Project("{FAE04EC0-301F-11D3-BF4B-00C04F79EFBC}") = "Shop.Client", "Shop.Client\Shop.Client.csproj", "{6E35C09E-5E6B-42BE-B15F-F035BAAE2043}"
EndProject
Global
	GlobalSection(SolutionConfigurationPlatforms) = preSolution
		Debug|Any CPU = Debug|Any CPU
		Release|Any CPU = Release|Any CPU
	EndGlobalSection
	GlobalSection(ProjectConfigurationPlatforms) = postSolution
		{18F6E674-2000-45ED-B89A-C7BEC11C3EE4}.Debug|Any CPU.ActiveCfg = Debug|Any CPU
		{18F6E674-2000-45ED-B89A-C7BEC11C3EE4}.Debug|Any CPU.Build.0 = Debug|Any CPU
		{18F6E674-2000-45ED-B89A-C7BEC11C3EE4}.Release|Any CPU.ActiveCfg = Release|Any CPU
		{18F6E674-2000-45ED-B89A-C7BEC11C3EE4}.Release|Any CPU.Build.0 = Release|Any CPU
		{6E35C09E-5E6B-42BE-B15F-F035BAAE2043}.Debug|Any CPU.ActiveCfg = Debug|Any CPU
		{6E35C09E-5E6B-42BE-B15F-F035BAAE2043}.Debug|Any CPU.Build.0 = Debug|Any CPU
		{6E35C09E-5E6B-42BE-B15F-F035BAAE2043}.Release|Any CPU.ActiveCfg = Release|Any CPU
		{6E35C09E-5E6B-42BE-B15F-F035BAAE2043}.Release|Any CPU.Build.0 = Release|Any CPU
	EndGlobalSection
EndGlobal
